{
  "name": "perses",
  "lockfileVersion": 3,
  "requires": true,
  "packages": {
    "": {
      "dependencies": {
        "@perses-dev/components": "file:../shared/components"
      }
    },
    "../shared/components": {
      "name": "@perses-dev/components",
      "version": "0.54.0",
      "license": "Apache-2.0",
      "dependencies": {
        "@atlaskit/pragmatic-drag-and-drop": "^1.4.0",
        "@atlaskit/pragmatic-drag-and-drop-hitbox": "^1.0.3",
        "@codemirror/lang-json": "^6.0.1",
        "@fontsource/lato": "^4.5.10",
        "@mui/x-date-pickers": "^7.23.1",
        "@perses-dev/core": "0.53.0-beta.3",
        "@tanstack/react-table": "^8.20.5",
        "@uiw/react-codemirror": "^4.19.1",
        "date-fns": "^4.1.0",
        "date-fns-tz": "^3.2.0",
        "echarts": "5.5.0",
        "immer": "^10.1.1",
        "lodash": "^4.17.21",
        "mathjs": "^10.6.4",
        "mdi-material-ui": "^7.9.2",
        "notistack": "^3.0.2",
        "react-colorful": "^5.6.1",
        "react-error-boundary": "^3.1.4",
        "react-hook-form": "^7.51.3",
        "react-virtuoso": "^4.12.2"
      },
      "devDependencies": {
        "@types/lodash": "^4.17.20"
      },
      "peerDependencies": {
        "@mui/material": "^6.1.10",
        "lodash": "^4.17.21",
        "react": "^17.0.2 || ^18.0.0",
        "react-dom": "^17.0.2 || ^18.0.0"
      }
    },
    "node_modules/@perses-dev/components": {
      "resolved": "../shared/components",
      "link": true
    }
  }
}
